
Microsoft Visual Studio Solution File, Format Version 12.00
# Visual Studio 15
VisualStudioVersion = 15.0.26730.12
MinimumVisualStudioVersion = 10.0.40219.1
Project("{FAE04EC0-301F-11D3-BF4B-00C04F79EFBC}") = "BookSaver.BooksConsoleUI", "ADO_NET_Task4\BookSaver.BooksConsoleUI.csproj", "{8D1E0CF9-1002-41AA-8696-54E4B081BC9B}"
EndProject
Project("{2150E333-8FDC-42A3-9474-1A3956D46DE8}") = "Task4", "Task4", "{CBA16076-6CD7-412E-8DAD-5509DE9C4DD0}"
EndProject
Project("{2150E333-8FDC-42A3-9474-1A3956D46DE8}") = "Common", "Common", "{AA99B60A-4287-4976-B044-CBD2FF537A21}"
EndProject
Project("{2150E333-8FDC-42A3-9474-1A3956D46DE8}") = "Data Acces Layer", "Data Acces Layer", "{D3D4524E-33AE-4948-AAF8-B3F795AD8392}"
EndProject
Project("{2150E333-8FDC-42A3-9474-1A3956D46DE8}") = "Buinses Logic Layer", "Buinses Logic Layer", "{A2F1A9F9-2E16-41DB-BEDF-DE59613A7D6F}"
EndProject
Project("{2150E333-8FDC-42A3-9474-1A3956D46DE8}") = "Presentation Layer", "Presentation Layer", "{9BE2A2B5-9FF4-47DF-988D-72CDCF010119}"
EndProject
Project("{FAE04EC0-301F-11D3-BF4B-00C04F79EFBC}") = "BookSaver.DataContracts", "DAL_Contracts\BookSaver.DataContracts.csproj", "{71C85A4F-E19C-437D-ADF0-FD24B0D3A98D}"
EndProject
Project("{FAE04EC0-301F-11D3-BF4B-00C04F79EFBC}") = "BookSaver.Entities", "BookSaver.Entities\BookSaver.Entities.csproj", "{487C418F-073F-4664-8353-A23F6AFF0764}"
EndProject
Project("{FAE04EC0-301F-11D3-BF4B-00C04F79EFBC}") = "BookSaver.LogicContracts", "BookSaver.LogicContracts\BookSaver.LogicContracts.csproj", "{8D8B729D-D24B-4202-9969-BD81DA748EAE}"
EndProject
Project("{FAE04EC0-301F-11D3-BF4B-00C04F79EFBC}") = "BookSaver.Logic", "BookSaver.Logic\BookSaver.Logic.csproj", "{863E983D-F077-49FB-908E-119511311B71}"
EndProject
Project("{FAE04EC0-301F-11D3-BF4B-00C04F79EFBC}") = "BookSaver.Config", "BookSaver.Config\BookSaver.Config.csproj", "{85C7F791-D632-4FFD-B1F3-30A8631B39EC}"
EndProject
Project("{FAE04EC0-301F-11D3-BF4B-00C04F79EFBC}") = "BookSaver.DatabaseBookData", "BookSaver.DatabaseBookData\BookSaver.DatabaseBookData.csproj", "{C08EEBE6-73F9-41F5-8FB7-6748E8A0E591}"
EndProject
Global
	GlobalSection(SolutionConfigurationPlatforms) = preSolution
		Debug|Any CPU = Debug|Any CPU
		Debug|x64 = Debug|x64
		Debug|x86 = Debug|x86
		Release|Any CPU = Release|Any CPU
		Release|x64 = Release|x64
		Release|x86 = Release|x86
	EndGlobalSection
	GlobalSection(ProjectConfigurationPlatforms) = postSolution
		{8D1E0CF9-1002-41AA-8696-54E4B081BC9B}.Debug|Any CPU.ActiveCfg = Debug|Any CPU
		{8D1E0CF9-1002-41AA-8696-54E4B081BC9B}.Debug|Any CPU.Build.0 = Debug|Any CPU
		{8D1E0CF9-1002-41AA-8696-54E4B081BC9B}.Debug|x64.ActiveCfg = Debug|Any CPU
		{8D1E0CF9-1002-41AA-8696-54E4B081BC9B}.Debug|x64.Build.0 = Debug|Any CPU
		{8D1E0CF9-1002-41AA-8696-54E4B081BC9B}.Debug|x86.ActiveCfg = Debug|Any CPU
		{8D1E0CF9-1002-41AA-8696-54E4B081BC9B}.Debug|x86.Build.0 = Debug|Any CPU
		{8D1E0CF9-1002-41AA-8696-54E4B081BC9B}.Release|Any CPU.ActiveCfg = Release|Any CPU
		{8D1E0CF9-1002-41AA-8696-54E4B081BC9B}.Release|Any CPU.Build.0 = Release|Any CPU
		{8D1E0CF9-1002-41AA-8696-54E4B081BC9B}.Release|x64.ActiveCfg = Release|Any CPU
		{8D1E0CF9-1002-41AA-8696-54E4B081BC9B}.Release|x64.Build.0 = Release|Any CPU
		{8D1E0CF9-1002-41AA-8696-54E4B081BC9B}.Release|x86.ActiveCfg = Release|Any CPU
		{8D1E0CF9-1002-41AA-8696-54E4B081BC9B}.Release|x86.Build.0 = Release|Any CPU
		{71C85A4F-E19C-437D-ADF0-FD24B0D3A98D}.Debug|Any CPU.ActiveCfg = Debug|Any CPU
		{71C85A4F-E19C-437D-ADF0-FD24B0D3A98D}.Debug|Any CPU.Build.0 = Debug|Any CPU
		{71C85A4F-E19C-437D-ADF0-FD24B0D3A98D}.Debug|x64.ActiveCfg = Debug|Any CPU
		{71C85A4F-E19C-437D-ADF0-FD24B0D3A98D}.Debug|x64.Build.0 = Debug|Any CPU
		{71C85A4F-E19C-437D-ADF0-FD24B0D3A98D}.Debug|x86.ActiveCfg = Debug|Any CPU
		{71C85A4F-E19C-437D-ADF0-FD24B0D3A98D}.Debug|x86.Build.0 = Debug|Any CPU
		{71C85A4F-E19C-437D-ADF0-FD24B0D3A98D}.Release|Any CPU.ActiveCfg = Release|Any CPU
		{71C85A4F-E19C-437D-ADF0-FD24B0D3A98D}.Release|Any CPU.Build.0 = Release|Any CPU
		{71C85A4F-E19C-437D-ADF0-FD24B0D3A98D}.Release|x64.ActiveCfg = Release|Any CPU
		{71C85A4F-E19C-437D-ADF0-FD24B0D3A98D}.Release|x64.Build.0 = Release|Any CPU
		{71C85A4F-E19C-437D-ADF0-FD24B0D3A98D}.Release|x86.ActiveCfg = Release|Any CPU
		{71C85A4F-E19C-437D-ADF0-FD24B0D3A98D}.Release|x86.Build.0 = Release|Any CPU
		{487C418F-073F-4664-8353-A23F6AFF0764}.Debug|Any CPU.ActiveCfg = Debug|Any CPU
		{487C418F-073F-4664-8353-A23F6AFF0764}.Debug|Any CPU.Build.0 = Debug|Any CPU
		{487C418F-073F-4664-8353-A23F6AFF0764}.Debug|x64.ActiveCfg = Debug|Any CPU
		{487C418F-073F-4664-8353-A23F6AFF0764}.Debug|x64.Build.0 = Debug|Any CPU
		{487C418F-073F-4664-8353-A23F6AFF0764}.Debug|x86.ActiveCfg = Debug|Any CPU
		{487C418F-073F-4664-8353-A23F6AFF0764}.Debug|x86.Build.0 = Debug|Any CPU
		{487C418F-073F-4664-8353-A23F6AFF0764}.Release|Any CPU.ActiveCfg = Release|Any CPU
		{487C418F-073F-4664-8353-A23F6AFF0764}.Release|Any CPU.Build.0 = Release|Any CPU
		{487C418F-073F-4664-8353-A23F6AFF0764}.Release|x64.ActiveCfg = Release|Any CPU
		{487C418F-073F-4664-8353-A23F6AFF0764}.Release|x64.Build.0 = Release|Any CPU
		{487C418F-073F-4664-8353-A23F6AFF0764}.Release|x86.ActiveCfg = Release|Any CPU
		{487C418F-073F-4664-8353-A23F6AFF0764}.Release|x86.Build.0 = Release|Any CPU
		{8D8B729D-D24B-4202-9969-BD81DA748EAE}.Debug|Any CPU.ActiveCfg = Debug|Any CPU
		{8D8B729D-D24B-4202-9969-BD81DA748EAE}.Debug|Any CPU.Build.0 = Debug|Any CPU
		{8D8B729D-D24B-4202-9969-BD81DA748EAE}.Debug|x64.ActiveCfg = Debug|Any CPU
		{8D8B729D-D24B-4202-9969-BD81DA748EAE}.Debug|x64.Build.0 = Debug|Any CPU
		{8D8B729D-D24B-4202-9969-BD81DA748EAE}.Debug|x86.ActiveCfg = Debug|Any CPU
		{8D8B729D-D24B-4202-9969-BD81DA748EAE}.Debug|x86.Build.0 = Debug|Any CPU
		{8D8B729D-D24B-4202-9969-BD81DA748EAE}.Release|Any CPU.ActiveCfg = Release|Any CPU
		{8D8B729D-D24B-4202-9969-BD81DA748EAE}.Release|Any CPU.Build.0 = Release|Any CPU
		{8D8B729D-D24B-4202-9969-BD81DA748EAE}.Release|x64.ActiveCfg = Release|Any CPU
		{8D8B729D-D24B-4202-9969-BD81DA748EAE}.Release|x64.Build.0 = Release|Any CPU
		{8D8B729D-D24B-4202-9969-BD81DA748EAE}.Release|x86.ActiveCfg = Release|Any CPU
		{8D8B729D-D24B-4202-9969-BD81DA748EAE}.Release|x86.Build.0 = Release|Any CPU
		{863E983D-F077-49FB-908E-119511311B71}.Debug|Any CPU.ActiveCfg = Debug|Any CPU
		{863E983D-F077-49FB-908E-119511311B71}.Debug|Any CPU.Build.0 = Debug|Any CPU
		{863E983D-F077-49FB-908E-119511311B71}.Debug|x64.ActiveCfg = Debug|Any CPU
		{863E983D-F077-49FB-908E-119511311B71}.Debug|x64.Build.0 = Debug|Any CPU
		{863E983D-F077-49FB-908E-119511311B71}.Debug|x86.ActiveCfg = Debug|Any CPU
		{863E983D-F077-49FB-908E-119511311B71}.Debug|x86.Build.0 = Debug|Any CPU
		{863E983D-F077-49FB-908E-119511311B71}.Release|Any CPU.ActiveCfg = Release|Any CPU
		{863E983D-F077-49FB-908E-119511311B71}.Release|Any CPU.Build.0 = Release|Any CPU
		{863E983D-F077-49FB-908E-119511311B71}.Release|x64.ActiveCfg = Release|Any CPU
		{863E983D-F077-49FB-908E-119511311B71}.Release|x64.Build.0 = Release|Any CPU
		{863E983D-F077-49FB-908E-119511311B71}.Release|x86.ActiveCfg = Release|Any CPU
		{863E983D-F077-49FB-908E-119511311B71}.Release|x86.Build.0 = Release|Any CPU
		{85C7F791-D632-4FFD-B1F3-30A8631B39EC}.Debug|Any CPU.ActiveCfg = Debug|Any CPU
		{85C7F791-D632-4FFD-B1F3-30A8631B39EC}.Debug|Any CPU.Build.0 = Debug|Any CPU
		{85C7F791-D632-4FFD-B1F3-30A8631B39EC}.Debug|x64.ActiveCfg = Debug|Any CPU
		{85C7F791-D632-4FFD-B1F3-30A8631B39EC}.Debug|x64.Build.0 = Debug|Any CPU
		{85C7F791-D632-4FFD-B1F3-30A8631B39EC}.Debug|x86.ActiveCfg = Debug|Any CPU
		{85C7F791-D632-4FFD-B1F3-30A8631B39EC}.Debug|x86.Build.0 = Debug|Any CPU
		{85C7F791-D632-4FFD-B1F3-30A8631B39EC}.Release|Any CPU.ActiveCfg = Release|Any CPU
		{85C7F791-D632-4FFD-B1F3-30A8631B39EC}.Release|Any CPU.Build.0 = Release|Any CPU
		{85C7F791-D632-4FFD-B1F3-30A8631B39EC}.Release|x64.ActiveCfg = Release|Any CPU
		{85C7F791-D632-4FFD-B1F3-30A8631B39EC}.Release|x64.Build.0 = Release|Any CPU
		{85C7F791-D632-4FFD-B1F3-30A8631B39EC}.Release|x86.ActiveCfg = Release|Any CPU
		{85C7F791-D632-4FFD-B1F3-30A8631B39EC}.Release|x86.Build.0 = Release|Any CPU
		{C08EEBE6-73F9-41F5-8FB7-6748E8A0E591}.Debug|Any CPU.ActiveCfg = Debug|Any CPU
		{C08EEBE6-73F9-41F5-8FB7-6748E8A0E591}.Debug|Any CPU.Build.0 = Debug|Any CPU
		{C08EEBE6-73F9-41F5-8FB7-6748E8A0E591}.Debug|x64.ActiveCfg = Debug|Any CPU
		{C08EEBE6-73F9-41F5-8FB7-6748E8A0E591}.Debug|x64.Build.0 = Debug|Any CPU
		{C08EEBE6-73F9-41F5-8FB7-6748E8A0E591}.Debug|x86.ActiveCfg = Debug|Any CPU
		{C08EEBE6-73F9-41F5-8FB7-6748E8A0E591}.Debug|x86.Build.0 = Debug|Any CPU
		{C08EEBE6-73F9-41F5-8FB7-6748E8A0E591}.Release|Any CPU.ActiveCfg = Release|Any CPU
		{C08EEBE6-73F9-41F5-8FB7-6748E8A0E591}.Release|Any CPU.Build.0 = Release|Any CPU
		{C08EEBE6-73F9-41F5-8FB7-6748E8A0E591}.Release|x64.ActiveCfg = Release|Any CPU
		{C08EEBE6-73F9-41F5-8FB7-6748E8A0E591}.Release|x64.Build.0 = Release|Any CPU
		{C08EEBE6-73F9-41F5-8FB7-6748E8A0E591}.Release|x86.ActiveCfg = Release|Any CPU
		{C08EEBE6-73F9-41F5-8FB7-6748E8A0E591}.Release|x86.Build.0 = Release|Any CPU
	EndGlobalSection
	GlobalSection(SolutionProperties) = preSolution
		HideSolutionNode = FALSE
	EndGlobalSection
	GlobalSection(NestedProjects) = preSolution
		{8D1E0CF9-1002-41AA-8696-54E4B081BC9B} = {9BE2A2B5-9FF4-47DF-988D-72CDCF010119}
		{AA99B60A-4287-4976-B044-CBD2FF537A21} = {CBA16076-6CD7-412E-8DAD-5509DE9C4DD0}
		{D3D4524E-33AE-4948-AAF8-B3F795AD8392} = {CBA16076-6CD7-412E-8DAD-5509DE9C4DD0}
		{A2F1A9F9-2E16-41DB-BEDF-DE59613A7D6F} = {CBA16076-6CD7-412E-8DAD-5509DE9C4DD0}
		{9BE2A2B5-9FF4-47DF-988D-72CDCF010119} = {CBA16076-6CD7-412E-8DAD-5509DE9C4DD0}
		{71C85A4F-E19C-437D-ADF0-FD24B0D3A98D} = {D3D4524E-33AE-4948-AAF8-B3F795AD8392}
		{487C418F-073F-4664-8353-A23F6AFF0764} = {AA99B60A-4287-4976-B044-CBD2FF537A21}
		{8D8B729D-D24B-4202-9969-BD81DA748EAE} = {A2F1A9F9-2E16-41DB-BEDF-DE59613A7D6F}
		{863E983D-F077-49FB-908E-119511311B71} = {A2F1A9F9-2E16-41DB-BEDF-DE59613A7D6F}
		{85C7F791-D632-4FFD-B1F3-30A8631B39EC} = {AA99B60A-4287-4976-B044-CBD2FF537A21}
		{C08EEBE6-73F9-41F5-8FB7-6748E8A0E591} = {D3D4524E-33AE-4948-AAF8-B3F795AD8392}
	EndGlobalSection
	GlobalSection(ExtensibilityGlobals) = postSolution
		SolutionGuid = {9B369663-C3EE-40BD-9725-D69F9EBBA997}
	EndGlobalSection
EndGlobal
